
Microsoft Visual Studio Solution File, Format Version 12.00
Project("{FAE04EC0-301F-11D3-BF4B-00C04F79EFBC}") = "DelegateFuncActionAndPredicate", "DelegateFuncActionAndPredicate\DelegateFuncActionAndPredicate.csproj", "{8B5759E1-E43E-4E3C-949C-88EF9304F348}"
EndProject
Global
	GlobalSection(SolutionConfigurationPlatforms) = preSolution
		Debug|Any CPU = Debug|Any CPU
		Release|Any CPU = Release|Any CPU
	EndGlobalSection
	GlobalSection(ProjectConfigurationPlatforms) = postSolution
		{8B5759E1-E43E-4E3C-949C-88EF9304F348}.Debug|Any CPU.ActiveCfg = Debug|Any CPU
		{8B5759E1-E43E-4E3C-949C-88EF9304F348}.Debug|Any CPU.Build.0 = Debug|Any CPU
		{8B5759E1-E43E-4E3C-949C-88EF9304F348}.Release|Any CPU.ActiveCfg = Release|Any CPU
		{8B5759E1-E43E-4E3C-949C-88EF9304F348}.Release|Any CPU.Build.0 = Release|Any CPU
	EndGlobalSection
EndGlobal
