
Microsoft Visual Studio Solution File, Format Version 12.00
Project("{FAE04EC0-301F-11D3-BF4B-00C04F79EFBC}") = "DelegateApplicationExample", "DelegateApplicationExample\DelegateApplicationExample.csproj", "{3B67CB78-4166-4878-9EEF-29AC0F43346D}"
EndProject
Project("{FAE04EC0-301F-11D3-BF4B-00C04F79EFBC}") = "FieldValidationAPI", "FieldValidationAPI\FieldValidationAPI.csproj", "{7917FB08-74E2-48BC-94C1-BBEEF0F784B0}"
EndProject
Global
	GlobalSection(SolutionConfigurationPlatforms) = preSolution
		Debug|Any CPU = Debug|Any CPU
		Release|Any CPU = Release|Any CPU
	EndGlobalSection
	GlobalSection(ProjectConfigurationPlatforms) = postSolution
		{3B67CB78-4166-4878-9EEF-29AC0F43346D}.Debug|Any CPU.ActiveCfg = Debug|Any CPU
		{3B67CB78-4166-4878-9EEF-29AC0F43346D}.Debug|Any CPU.Build.0 = Debug|Any CPU
		{3B67CB78-4166-4878-9EEF-29AC0F43346D}.Release|Any CPU.ActiveCfg = Release|Any CPU
		{3B67CB78-4166-4878-9EEF-29AC0F43346D}.Release|Any CPU.Build.0 = Release|Any CPU
		{7917FB08-74E2-48BC-94C1-BBEEF0F784B0}.Debug|Any CPU.ActiveCfg = Debug|Any CPU
		{7917FB08-74E2-48BC-94C1-BBEEF0F784B0}.Debug|Any CPU.Build.0 = Debug|Any CPU
		{7917FB08-74E2-48BC-94C1-BBEEF0F784B0}.Release|Any CPU.ActiveCfg = Release|Any CPU
		{7917FB08-74E2-48BC-94C1-BBEEF0F784B0}.Release|Any CPU.Build.0 = Release|Any CPU
	EndGlobalSection
EndGlobal
